
Microsoft Visual Studio Solution File, Format Version 12.00
# Visual Studio Version 17
VisualStudioVersion = 17.13.35825.156 d17.13
MinimumVisualStudioVersion = 10.0.40219.1
Project("{FAE04EC0-301F-11D3-BF4B-00C04F79EFBC}") = "SupplyService", "SupplyService\SupplyService.csproj", "{F21E4A6F-83E7-4B95-BF8B-321B9989A80C}"
EndProject
Project("{FAE04EC0-301F-11D3-BF4B-00C04F79EFBC}") = "SupplyService.Domain", "SupplyService.Domain\SupplyService.Domain.csproj", "{7E960B52-9D76-494E-B4CA-77BB06CC484A}"
EndProject
Global
	GlobalSection(SolutionConfigurationPlatforms) = preSolution
		Debug|Any CPU = Debug|Any CPU
		Release|Any CPU = Release|Any CPU
	EndGlobalSection
	GlobalSection(ProjectConfigurationPlatforms) = postSolution
		{F21E4A6F-83E7-4B95-BF8B-321B9989A80C}.Debug|Any CPU.ActiveCfg = Debug|Any CPU
		{F21E4A6F-83E7-4B95-BF8B-321B9989A80C}.Debug|Any CPU.Build.0 = Debug|Any CPU
		{F21E4A6F-83E7-4B95-BF8B-321B9989A80C}.Release|Any CPU.ActiveCfg = Release|Any CPU
		{F21E4A6F-83E7-4B95-BF8B-321B9989A80C}.Release|Any CPU.Build.0 = Release|Any CPU
		{7E960B52-9D76-494E-B4CA-77BB06CC484A}.Debug|Any CPU.ActiveCfg = Debug|Any CPU
		{7E960B52-9D76-494E-B4CA-77BB06CC484A}.Debug|Any CPU.Build.0 = Debug|Any CPU
		{7E960B52-9D76-494E-B4CA-77BB06CC484A}.Release|Any CPU.ActiveCfg = Release|Any CPU
		{7E960B52-9D76-494E-B4CA-77BB06CC484A}.Release|Any CPU.Build.0 = Release|Any CPU
	EndGlobalSection
	GlobalSection(SolutionProperties) = preSolution
		HideSolutionNode = FALSE
	EndGlobalSection
	GlobalSection(ExtensibilityGlobals) = postSolution
		SolutionGuid = {F5DD9A7E-24F7-4776-AC37-C6601B931AE1}
	EndGlobalSection
EndGlobal
